
Microsoft Visual Studio Solution File, Format Version 12.00
# Visual Studio Version 16
VisualStudioVersion = 16.0.30225.117
MinimumVisualStudioVersion = 10.0.40219.1
Project("{FAE04EC0-301F-11D3-BF4B-00C04F79EFBC}") = "LB", "LB\LB.csproj", "{98B71C4C-A4F9-4813-84C5-81631FD2B4E7}"
EndProject
Global
	GlobalSection(SolutionConfigurationPlatforms) = preSolution
		Debug|Any CPU = Debug|Any CPU
		Release|Any CPU = Release|Any CPU
	EndGlobalSection
	GlobalSection(ProjectConfigurationPlatforms) = postSolution
		{98B71C4C-A4F9-4813-84C5-81631FD2B4E7}.Debug|Any CPU.ActiveCfg = Debug|Any CPU
		{98B71C4C-A4F9-4813-84C5-81631FD2B4E7}.Debug|Any CPU.Build.0 = Debug|Any CPU
		{98B71C4C-A4F9-4813-84C5-81631FD2B4E7}.Release|Any CPU.ActiveCfg = Release|Any CPU
		{98B71C4C-A4F9-4813-84C5-81631FD2B4E7}.Release|Any CPU.Build.0 = Release|Any CPU
	EndGlobalSection
	GlobalSection(SolutionProperties) = preSolution
		HideSolutionNode = FALSE
	EndGlobalSection
	GlobalSection(ExtensibilityGlobals) = postSolution
		SolutionGuid = {18B8BC8C-4918-4076-87A6-C6FD15E38693}
	EndGlobalSection
EndGlobal
